
Microsoft Visual Studio Solution File, Format Version 12.00
# Visual Studio Version 17
VisualStudioVersion = 17.4.33213.308
MinimumVisualStudioVersion = 10.0.40219.1
Project("{FAE04EC0-301F-11D3-BF4B-00C04F79EFBC}") = "ConsoleApp1", "ConsoleApp1\ConsoleApp1.csproj", "{3535B0A1-B66F-4A6B-BFC7-D2C96E576B0F}"
EndProject
Global
	GlobalSection(SolutionConfigurationPlatforms) = preSolution
		Debug|Any CPU = Debug|Any CPU
		Release|Any CPU = Release|Any CPU
	EndGlobalSection
	GlobalSection(ProjectConfigurationPlatforms) = postSolution
		{3535B0A1-B66F-4A6B-BFC7-D2C96E576B0F}.Debug|Any CPU.ActiveCfg = Debug|Any CPU
		{3535B0A1-B66F-4A6B-BFC7-D2C96E576B0F}.Debug|Any CPU.Build.0 = Debug|Any CPU
		{3535B0A1-B66F-4A6B-BFC7-D2C96E576B0F}.Release|Any CPU.ActiveCfg = Release|Any CPU
		{3535B0A1-B66F-4A6B-BFC7-D2C96E576B0F}.Release|Any CPU.Build.0 = Release|Any CPU
	EndGlobalSection
	GlobalSection(SolutionProperties) = preSolution
		HideSolutionNode = FALSE
	EndGlobalSection
	GlobalSection(ExtensibilityGlobals) = postSolution
		SolutionGuid = {9274EFB3-967A-43A9-A103-88566324FD61}
	EndGlobalSection
EndGlobal
